
Microsoft Visual Studio Solution File, Format Version 12.00
# Visual Studio Version 17
VisualStudioVersion = 17.13.35931.197 d17.13
MinimumVisualStudioVersion = 10.0.40219.1
Project("{FAE04EC0-301F-11D3-BF4B-00C04F79EFBC}") = "sam", "sam\sam.csproj", "{141E3502-1099-4A96-97CD-D426CFC6E38A}"
EndProject
Global
	GlobalSection(SolutionConfigurationPlatforms) = preSolution
		Debug|Any CPU = Debug|Any CPU
		Release|Any CPU = Release|Any CPU
	EndGlobalSection
	GlobalSection(ProjectConfigurationPlatforms) = postSolution
		{141E3502-1099-4A96-97CD-D426CFC6E38A}.Debug|Any CPU.ActiveCfg = Debug|Any CPU
		{141E3502-1099-4A96-97CD-D426CFC6E38A}.Debug|Any CPU.Build.0 = Debug|Any CPU
		{141E3502-1099-4A96-97CD-D426CFC6E38A}.Release|Any CPU.ActiveCfg = Release|Any CPU
		{141E3502-1099-4A96-97CD-D426CFC6E38A}.Release|Any CPU.Build.0 = Release|Any CPU
	EndGlobalSection
	GlobalSection(SolutionProperties) = preSolution
		HideSolutionNode = FALSE
	EndGlobalSection
	GlobalSection(ExtensibilityGlobals) = postSolution
		SolutionGuid = {810E8BA6-0722-4C0F-A6EE-1E00EB6E9A58}
	EndGlobalSection
EndGlobal
